
Microsoft Visual Studio Solution File, Format Version 12.00
# Visual Studio Version 17
VisualStudioVersion = 17.8.34316.72
MinimumVisualStudioVersion = 10.0.40219.1
Project("{FAE04EC0-301F-11D3-BF4B-00C04F79EFBC}") = "AppStateServer", "AppStateServer\AppStateServer.csproj", "{26DA8B5E-BF9A-4106-BC98-9387882B5C8D}"
EndProject
Global
	GlobalSection(SolutionConfigurationPlatforms) = preSolution
		Debug|Any CPU = Debug|Any CPU
		Release|Any CPU = Release|Any CPU
	EndGlobalSection
	GlobalSection(ProjectConfigurationPlatforms) = postSolution
		{26DA8B5E-BF9A-4106-BC98-9387882B5C8D}.Debug|Any CPU.ActiveCfg = Debug|Any CPU
		{26DA8B5E-BF9A-4106-BC98-9387882B5C8D}.Debug|Any CPU.Build.0 = Debug|Any CPU
		{26DA8B5E-BF9A-4106-BC98-9387882B5C8D}.Release|Any CPU.ActiveCfg = Release|Any CPU
		{26DA8B5E-BF9A-4106-BC98-9387882B5C8D}.Release|Any CPU.Build.0 = Release|Any CPU
	EndGlobalSection
	GlobalSection(SolutionProperties) = preSolution
		HideSolutionNode = FALSE
	EndGlobalSection
	GlobalSection(ExtensibilityGlobals) = postSolution
		SolutionGuid = {55DB9D05-B5E9-4D22-A243-353D1BF4A84B}
	EndGlobalSection
EndGlobal
